
Microsoft Visual Studio Solution File, Format Version 12.00
# Visual Studio Version 16
VisualStudioVersion = 16.0.30011.22
MinimumVisualStudioVersion = 10.0.40219.1
Project("{9A19103F-16F7-4668-BE54-9A1E7A4F7556}") = "GameON.Common", "GameON.Common\GameON.Common.csproj", "{BAE62011-8D4F-4A37-8DEB-E45F8E144346}"
EndProject
Project("{9A19103F-16F7-4668-BE54-9A1E7A4F7556}") = "GameON.Web", "GameON.Web\GameON.Web.csproj", "{F9323D7F-6DF4-4D43-A129-75623CA11F45}"
EndProject
Project("{FAE04EC0-301F-11D3-BF4B-00C04F79EFBC}") = "GameON.Prism", "GameON.Prism\GameON.Prism\GameON.Prism.csproj", "{97AB22B4-AC51-4CFA-AEEC-CC02DD615461}"
EndProject
Project("{FAE04EC0-301F-11D3-BF4B-00C04F79EFBC}") = "GameON.Prism.Android", "GameON.Prism\GameON.Prism.Android\GameON.Prism.Android.csproj", "{2617A08D-EA1D-41BA-999F-54CA3209C420}"
EndProject
Global
	GlobalSection(SolutionConfigurationPlatforms) = preSolution
		Debug|Any CPU = Debug|Any CPU
		Release|Any CPU = Release|Any CPU
	EndGlobalSection
	GlobalSection(ProjectConfigurationPlatforms) = postSolution
		{BAE62011-8D4F-4A37-8DEB-E45F8E144346}.Debug|Any CPU.ActiveCfg = Debug|Any CPU
		{BAE62011-8D4F-4A37-8DEB-E45F8E144346}.Debug|Any CPU.Build.0 = Debug|Any CPU
		{BAE62011-8D4F-4A37-8DEB-E45F8E144346}.Release|Any CPU.ActiveCfg = Release|Any CPU
		{BAE62011-8D4F-4A37-8DEB-E45F8E144346}.Release|Any CPU.Build.0 = Release|Any CPU
		{F9323D7F-6DF4-4D43-A129-75623CA11F45}.Debug|Any CPU.ActiveCfg = Debug|Any CPU
		{F9323D7F-6DF4-4D43-A129-75623CA11F45}.Debug|Any CPU.Build.0 = Debug|Any CPU
		{F9323D7F-6DF4-4D43-A129-75623CA11F45}.Release|Any CPU.ActiveCfg = Release|Any CPU
		{F9323D7F-6DF4-4D43-A129-75623CA11F45}.Release|Any CPU.Build.0 = Release|Any CPU
		{97AB22B4-AC51-4CFA-AEEC-CC02DD615461}.Debug|Any CPU.ActiveCfg = Debug|Any CPU
		{97AB22B4-AC51-4CFA-AEEC-CC02DD615461}.Debug|Any CPU.Build.0 = Debug|Any CPU
		{97AB22B4-AC51-4CFA-AEEC-CC02DD615461}.Release|Any CPU.ActiveCfg = Release|Any CPU
		{97AB22B4-AC51-4CFA-AEEC-CC02DD615461}.Release|Any CPU.Build.0 = Release|Any CPU
		{2617A08D-EA1D-41BA-999F-54CA3209C420}.Debug|Any CPU.ActiveCfg = Debug|Any CPU
		{2617A08D-EA1D-41BA-999F-54CA3209C420}.Debug|Any CPU.Build.0 = Debug|Any CPU
		{2617A08D-EA1D-41BA-999F-54CA3209C420}.Debug|Any CPU.Deploy.0 = Debug|Any CPU
		{2617A08D-EA1D-41BA-999F-54CA3209C420}.Release|Any CPU.ActiveCfg = Release|Any CPU
		{2617A08D-EA1D-41BA-999F-54CA3209C420}.Release|Any CPU.Build.0 = Release|Any CPU
		{2617A08D-EA1D-41BA-999F-54CA3209C420}.Release|Any CPU.Deploy.0 = Release|Any CPU
	EndGlobalSection
	GlobalSection(SolutionProperties) = preSolution
		HideSolutionNode = FALSE
	EndGlobalSection
	GlobalSection(ExtensibilityGlobals) = postSolution
		SolutionGuid = {360C063D-7B75-4F7E-8817-4B42CB02005A}
	EndGlobalSection
EndGlobal
